{
  "name": "consume-own-3rdparty",
  "version": "1.0.0",
  "lockfileVersion": 3,
  "requires": true,
  "packages": {
    "": {
      "name": "consume-own-3rdparty",
      "version": "1.0.0",
      "license": "ISC",
      "dependencies": {
        "brainmentors-calc": "^1.0.1"
      }
    },
    "node_modules/brainmentors-calc": {
      "version": "1.0.1",
      "resolved": "https://registry.npmjs.org/brainmentors-calc/-/brainmentors-calc-1.0.1.tgz",
      "integrity": "sha512-OUj8RJ8md59myypOXx+rxegII3ATd690xLZylDpyzY1gfsqrxmdBVlqCNMqs8tG4Zj1rEzh079ANorqGvWF4FQ=="
    }
  }
}
